
Microsoft Visual Studio Solution File, Format Version 12.00
# Visual Studio Version 16
VisualStudioVersion = 25.0.1705.6
MinimumVisualStudioVersion = 10.0.40219.1
Project("{FAE04EC0-301F-11D3-BF4B-00C04F79EFBC}") = "Login", "Login\Login.csproj", "{161C980C-CFC7-42BE-9624-937B9875D590}"
EndProject
Project("{FAE04EC0-301F-11D3-BF4B-00C04F79EFBC}") = "Register", "..\Rigister\Register.csproj", "{4C8A3957-D275-4AEF-8038-741B7C9972FB}"
EndProject
Global
	GlobalSection(SolutionConfigurationPlatforms) = preSolution
		Debug|Any CPU = Debug|Any CPU
		Release|Any CPU = Release|Any CPU
	EndGlobalSection
	GlobalSection(ProjectConfigurationPlatforms) = postSolution
		{161C980C-CFC7-42BE-9624-937B9875D590}.Debug|Any CPU.ActiveCfg = Debug|Any CPU
		{161C980C-CFC7-42BE-9624-937B9875D590}.Debug|Any CPU.Build.0 = Debug|Any CPU
		{161C980C-CFC7-42BE-9624-937B9875D590}.Release|Any CPU.ActiveCfg = Release|Any CPU
		{161C980C-CFC7-42BE-9624-937B9875D590}.Release|Any CPU.Build.0 = Release|Any CPU
		{4C8A3957-D275-4AEF-8038-741B7C9972FB}.Debug|Any CPU.ActiveCfg = Debug|Any CPU
		{4C8A3957-D275-4AEF-8038-741B7C9972FB}.Debug|Any CPU.Build.0 = Debug|Any CPU
		{4C8A3957-D275-4AEF-8038-741B7C9972FB}.Release|Any CPU.ActiveCfg = Release|Any CPU
		{4C8A3957-D275-4AEF-8038-741B7C9972FB}.Release|Any CPU.Build.0 = Release|Any CPU
	EndGlobalSection
	GlobalSection(SolutionProperties) = preSolution
		HideSolutionNode = FALSE
	EndGlobalSection
	GlobalSection(ExtensibilityGlobals) = postSolution
		SolutionGuid = {0B00C472-8D2B-4C4E-9E94-B15D0BF2422E}
	EndGlobalSection
EndGlobal
